
Microsoft Visual Studio Solution File, Format Version 12.00
# Visual Studio Version 17
VisualStudioVersion = 17.7.34031.279
MinimumVisualStudioVersion = 10.0.40219.1
Project("{FAE04EC0-301F-11D3-BF4B-00C04F79EFBC}") = "Array_5.1", "Array_5.1\Array_5.1.csproj", "{19372744-0DD8-424D-BD94-F71D8ED2029B}"
EndProject
Global
	GlobalSection(SolutionConfigurationPlatforms) = preSolution
		Debug|Any CPU = Debug|Any CPU
		Release|Any CPU = Release|Any CPU
	EndGlobalSection
	GlobalSection(ProjectConfigurationPlatforms) = postSolution
		{19372744-0DD8-424D-BD94-F71D8ED2029B}.Debug|Any CPU.ActiveCfg = Debug|Any CPU
		{19372744-0DD8-424D-BD94-F71D8ED2029B}.Debug|Any CPU.Build.0 = Debug|Any CPU
		{19372744-0DD8-424D-BD94-F71D8ED2029B}.Release|Any CPU.ActiveCfg = Release|Any CPU
		{19372744-0DD8-424D-BD94-F71D8ED2029B}.Release|Any CPU.Build.0 = Release|Any CPU
	EndGlobalSection
	GlobalSection(SolutionProperties) = preSolution
		HideSolutionNode = FALSE
	EndGlobalSection
	GlobalSection(ExtensibilityGlobals) = postSolution
		SolutionGuid = {DBA229C6-64D0-4B2E-B857-2F42DBA2AB87}
	EndGlobalSection
EndGlobal
